// !$*UTF8*$!
{
	archiveVersion = 1;
	classes = {
	};
	objectVersion = 56;
	objects = {

/* Begin PBXBuildFile section */
		40E6914B2A54F3A7000DAF5B /* AmbushExperimentApp.swift in Sources */ = {isa = PBXBuildFile; fileRef = 40E6914A2A54F3A7000DAF5B /* AmbushExperimentApp.swift */; };
		40E6914D2A54F3A7000DAF5B /* ContentView.swift in Sources */ = {isa = PBXBuildFile; fileRef = 40E6914C2A54F3A7000DAF5B /* ContentView.swift */; };
		40E6914F2A54F3A9000DAF5B /* Assets.xcassets in Resources */ = {isa = PBXBuildFile; fileRef = 40E6914E2A54F3A9000DAF5B /* Assets.xcassets */; };
		40E691522A54F3A9000DAF5B /* Preview Assets.xcassets in Resources */ = {isa = PBXBuildFile; fileRef = 40E691512A54F3A9000DAF5B /* Preview Assets.xcassets */; };
		40E6915C2A54F3A9000DAF5B /* AmbushExperimentTests.swift in Sources */ = {isa = PBXBuildFile; fileRef = 40E6915B2A54F3A9000DAF5B /* AmbushExperimentTests.swift */; };
		40E691662A54F3A9000DAF5B /* AmbushExperimentUITests.swift in Sources */ = {isa = PBXBuildFile; fileRef = 40E691652A54F3A9000DAF5B /* AmbushExperimentUITests.swift */; };
		40E691682A54F3A9000DAF5B /* AmbushExperimentUITestsLaunchTests.swift in Sources */ = {isa = PBXBuildFile; fileRef = 40E691672A54F3A9000DAF5B /* AmbushExperimentUITestsLaunchTests.swift */; };
/* End PBXBuildFile section */

/* Begin PBXContainerItemProxy section */
		40E691582A54F3A9000DAF5B /* PBXContainerItemProxy */ = {
			isa = PBXContainerItemProxy;
			containerPortal = 40E6913F2A54F3A7000DAF5B /* Project object */;
			proxyType = 1;
			remoteGlobalIDString = 40E691462A54F3A7000DAF5B;
			remoteInfo = AmbushExperiment;
		};
		40E691622A54F3A9000DAF5B /* PBXContainerItemProxy */ = {
			isa = PBXContainerItemProxy;
			containerPortal = 40E6913F2A54F3A7000DAF5B /* Project object */;
			proxyType = 1;
			remoteGlobalIDString = 40E691462A54F3A7000DAF5B;
			remoteInfo = AmbushExperiment;
		};
/* End PBXContainerItemProxy section */

/* Begin PBXFileReference section */
		40E691472A54F3A7000DAF5B /* AmbushExperiment.app */ = {isa = PBXFileReference; explicitFileType = wrapper.application; includeInIndex = 0; path = AmbushExperiment.app; sourceTree = BUILT_PRODUCTS_DIR; };
		40E6914A2A54F3A7000DAF5B /* AmbushExperimentApp.swift */ = {isa = PBXFileReference; lastKnownFileType = sourcecode.swift; path = AmbushExperimentApp.swift; sourceTree = "<group>"; };
		40E6914C2A54F3A7000DAF5B /* ContentView.swift */ = {isa = PBXFileReference; lastKnownFileType = sourcecode.swift; path = ContentView.swift; sourceTree = "<group>"; };
		40E6914E2A54F3A9000DAF5B /* Assets.xcassets */ = {isa = PBXFileReference; lastKnownFileType = folder.assetcatalog; path = Assets.xcassets; sourceTree = "<group>"; };
		40E691512A54F3A9000DAF5B /* Preview Assets.xcassets */ = {isa = PBXFileReference; lastKnownFileType = folder.assetcatalog; path = "Preview Assets.xcassets"; sourceTree = "<group>"; };
		40E691572A54F3A9000DAF5B /* AmbushExperimentTests.xctest */ = {isa = PBXFileReference; explicitFileType = wrapper.cfbundle; includeInIndex = 0; path = AmbushExperimentTests.xctest; sourceTree = BUILT_PRODUCTS_DIR; };
		40E6915B2A54F3A9000DAF5B /* AmbushExperimentTests.swift */ = {isa = PBXFileReference; lastKnownFileType = sourcecode.swift; path = AmbushExperimentTests.swift; sourceTree = "<group>"; };
		40E691612A54F3A9000DAF5B /* AmbushExperimentUITests.xctest */ = {isa = PBXFileReference; explicitFileType = wrapper.cfbundle; includeInIndex = 0; path = AmbushExperimentUITests.xctest; sourceTree = BUILT_PRODUCTS_DIR; };
		40E691652A54F3A9000DAF5B /* AmbushExperimentUITests.swift */ = {isa = PBXFileReference; lastKnownFileType = sourcecode.swift; path = AmbushExperimentUITests.swift; sourceTree = "<group>"; };
		40E691672A54F3A9000DAF5B /* AmbushExperimentUITestsLaunchTests.swift */ = {isa = PBXFileReference; lastKnownFileType = sourcecode.swift; path = AmbushExperimentUITestsLaunchTests.swift; sourceTree = "<group>"; };
/* End PBXFileReference section */

/* Begin PBXFrameworksBuildPhase section */
		40E691442A54F3A7000DAF5B /* Frameworks */ = {
			isa = PBXFrameworksBuildPhase;
			buildActionMask = 2147483647;
			files = (
			);
			runOnlyForDeploymentPostprocessing = 0;
		};
		40E691542A54F3A9000DAF5B /* Frameworks */ = {
			isa = PBXFrameworksBuildPhase;
			buildActionMask = 2147483647;
			files = (
			);
			runOnlyForDeploymentPostprocessing = 0;
		};
		40E6915E2A54F3A9000DAF5B /* Frameworks */ = {
			isa = PBXFrameworksBuildPhase;
			buildActionMask = 2147483647;
			files = (
			);
			runOnlyForDeploymentPostprocessing = 0;
		};
/* End PBXFrameworksBuildPhase section */

/* Begin PBXGroup section */
		40E6913E2A54F3A7000DAF5B = {
			isa = PBXGroup;
			children = (
				40E691492A54F3A7000DAF5B /* AmbushExperiment */,
				40E6915A2A54F3A9000DAF5B /* AmbushExperimentTests */,
				40E691642A54F3A9000DAF5B /* AmbushExperimentUITests */,
				40E691482A54F3A7000DAF5B /* Products */,
			);
			sourceTree = "<group>";
		};
		40E691482A54F3A7000DAF5B /* Products */ = {
			isa = PBXGroup;
			children = (
				40E691472A54F3A7000DAF5B /* AmbushExperiment.app */,
				40E691572A54F3A9000DAF5B /* AmbushExperimentTests.xctest */,
				40E691612A54F3A9000DAF5B /* AmbushExperimentUITests.xctest */,
			);
			name = Products;
			sourceTree = "<group>";
		};
		40E691492A54F3A7000DAF5B /* AmbushExperiment */ = {
			isa = PBXGroup;
			children = (
				40E6914A2A54F3A7000DAF5B /* AmbushExperimentApp.swift */,
				40E6914C2A54F3A7000DAF5B /* ContentView.swift */,
				40E6914E2A54F3A9000DAF5B /* Assets.xcassets */,
				40E691502A54F3A9000DAF5B /* Preview Content */,
			);
			path = AmbushExperiment;
			sourceTree = "<group>";
		};
		40E691502A54F3A9000DAF5B /* Preview Content */ = {
			isa = PBXGroup;
			children = (
				40E691512A54F3A9000DAF5B /* Preview Assets.xcassets */,
			);
			path = "Preview Content";
			sourceTree = "<group>";
		};
		40E6915A2A54F3A9000DAF5B /* AmbushExperimentTests */ = {
			isa = PBXGroup;
			children = (
				40E6915B2A54F3A9000DAF5B /* AmbushExperimentTests.swift */,
			);
			path = AmbushExperimentTests;
			sourceTree = "<group>";
		};
		40E691642A54F3A9000DAF5B /* AmbushExperimentUITests */ = {
			isa = PBXGroup;
			children = (
				40E691652A54F3A9000DAF5B /* AmbushExperimentUITests.swift */,
				40E691672A54F3A9000DAF5B /* AmbushExperimentUITestsLaunchTests.swift */,
			);
			path = AmbushExperimentUITests;
			sourceTree = "<group>";
		};
/* End PBXGroup section */

/* Begin PBXNativeTarget section */
		40E691462A54F3A7000DAF5B /* AmbushExperiment */ = {
			isa = PBXNativeTarget;
			buildConfigurationList = 40E6916B2A54F3A9000DAF5B /* Build configuration list for PBXNativeTarget "AmbushExperiment" */;
			buildPhases = (
				40E691432A54F3A7000DAF5B /* Sources */,
				40E691442A54F3A7000DAF5B /* Frameworks */,
				40E691452A54F3A7000DAF5B /* Resources */,
			);
			buildRules = (
			);
			dependencies = (
			);
			name = AmbushExperiment;
			productName = AmbushExperiment;
			productReference = 40E691472A54F3A7000DAF5B /* AmbushExperiment.app */;
			productType = "com.apple.product-type.application";
		};
		40E691562A54F3A9000DAF5B /* AmbushExperimentTests */ = {
			isa = PBXNativeTarget;
			buildConfigurationList = 40E6916E2A54F3A9000DAF5B /* Build configuration list for PBXNativeTarget "AmbushExperimentTests" */;
			buildPhases = (
				40E691532A54F3A9000DAF5B /* Sources */,
				40E691542A54F3A9000DAF5B /* Frameworks */,
				40E691552A54F3A9000DAF5B /* Resources */,
			);
			buildRules = (
			);
			dependencies = (
				40E691592A54F3A9000DAF5B /* PBXTargetDependency */,
			);
			name = AmbushExperimentTests;
			productName = AmbushExperimentTests;
			productReference = 40E691572A54F3A9000DAF5B /* AmbushExperimentTests.xctest */;
			productType = "com.apple.product-type.bundle.unit-test";
		};
		40E691602A54F3A9000DAF5B /* AmbushExperimentUITests */ = {
			isa = PBXNativeTarget;
			buildConfigurationList = 40E691712A54F3A9000DAF5B /* Build configuration list for PBXNativeTarget "AmbushExperimentUITests" */;
			buildPhases = (
				40E6915D2A54F3A9000DAF5B /* Sources */,
				40E6915E2A54F3A9000DAF5B /* Frameworks */,
				40E6915F2A54F3A9000DAF5B /* Resources */,
			);
			buildRules = (
			);
			dependencies = (
				40E691632A54F3A9000DAF5B /* PBXTargetDependency */,
			);
			name = AmbushExperimentUITests;
			productName = AmbushExperimentUITests;
			productReference = 40E691612A54F3A9000DAF5B /* AmbushExperimentUITests.xctest */;
			productType = "com.apple.product-type.bundle.ui-testing";
		};
/* End PBXNativeTarget section */

/* Begin PBXProject section */
		40E6913F2A54F3A7000DAF5B /* Project object */ = {
			isa = PBXProject;
			attributes = {
				BuildIndependentTargetsInParallel = 1;
				LastSwiftUpdateCheck = 1420;
				LastUpgradeCheck = 1420;
				TargetAttributes = {
					40E691462A54F3A7000DAF5B = {
						CreatedOnToolsVersion = 14.2;
					};
					40E691562A54F3A9000DAF5B = {
						CreatedOnToolsVersion = 14.2;
						TestTargetID = 40E691462A54F3A7000DAF5B;
					};
					40E691602A54F3A9000DAF5B = {
						CreatedOnToolsVersion = 14.2;
						TestTargetID = 40E691462A54F3A7000DAF5B;
					};
				};
			};
			buildConfigurationList = 40E691422A54F3A7000DAF5B /* Build configuration list for PBXProject "AmbushExperiment" */;
			compatibilityVersion = "Xcode 14.0";
			developmentRegion = en;
			hasScannedForEncodings = 0;
			knownRegions = (
				en,
				Base,
			);
			mainGroup = 40E6913E2A54F3A7000DAF5B;
			productRefGroup = 40E691482A54F3A7000DAF5B /* Products */;
			projectDirPath = "";
			projectRoot = "";
			targets = (
				40E691462A54F3A7000DAF5B /* AmbushExperiment */,
				40E691562A54F3A9000DAF5B /* AmbushExperimentTests */,
				40E691602A54F3A9000DAF5B /* AmbushExperimentUITests */,
			);
		};
/* End PBXProject section */

/* Begin PBXResourcesBuildPhase section */
		40E691452A54F3A7000DAF5B /* Resources */ = {
			isa = PBXResourcesBuildPhase;
			buildActionMask = 2147483647;
			files = (
				40E691522A54F3A9000DAF5B /* Preview Assets.xcassets in Resources */,
				40E6914F2A54F3A9000DAF5B /* Assets.xcassets in Resources */,
			);
			runOnlyForDeploymentPostprocessing = 0;
		};
		40E691552A54F3A9000DAF5B /* Resources */ = {
			isa = PBXResourcesBuildPhase;
			buildActionMask = 2147483647;
			files = (
			);
			runOnlyForDeploymentPostprocessing = 0;
		};
		40E6915F2A54F3A9000DAF5B /* Resources */ = {
			isa = PBXResourcesBuildPhase;
			buildActionMask = 2147483647;
			files = (
			);
			runOnlyForDeploymentPostprocessing = 0;
		};
/* End PBXResourcesBuildPhase section */

/* Begin PBXSourcesBuildPhase section */
		40E691432A54F3A7000DAF5B /* Sources */ = {
			isa = PBXSourcesBuildPhase;
			buildActionMask = 2147483647;
			files = (
				40E6914D2A54F3A7000DAF5B /* ContentView.swift in Sources */,
				40E6914B2A54F3A7000DAF5B /* AmbushExperimentApp.swift in Sources */,
			);
			runOnlyForDeploymentPostprocessing = 0;
		};
		40E691532A54F3A9000DAF5B /* Sources */ = {
			isa = PBXSourcesBuildPhase;
			buildActionMask = 2147483647;
			files = (
				40E6915C2A54F3A9000DAF5B /* AmbushExperimentTests.swift in Sources */,
			);
			runOnlyForDeploymentPostprocessing = 0;
		};
		40E6915D2A54F3A9000DAF5B /* Sources */ = {
			isa = PBXSourcesBuildPhase;
			buildActionMask = 2147483647;
			files = (
				40E691662A54F3A9000DAF5B /* AmbushExperimentUITests.swift in Sources */,
				40E691682A54F3A9000DAF5B /* AmbushExperimentUITestsLaunchTests.swift in Sources */,
			);
			runOnlyForDeploymentPostprocessing = 0;
		};
/* End PBXSourcesBuildPhase section */

/* Begin PBXTargetDependency section */
		40E691592A54F3A9000DAF5B /* PBXTargetDependency */ = {
			isa = PBXTargetDependency;
			target = 40E691462A54F3A7000DAF5B /* AmbushExperiment */;
			targetProxy = 40E691582A54F3A9000DAF5B /* PBXContainerItemProxy */;
		};
		40E691632A54F3A9000DAF5B /* PBXTargetDependency */ = {
			isa = PBXTargetDependency;
			target = 40E691462A54F3A7000DAF5B /* AmbushExperiment */;
			targetProxy = 40E691622A54F3A9000DAF5B /* PBXContainerItemProxy */;
		};
/* End PBXTargetDependency section */

/* Begin XCBuildConfiguration section */
		40E691692A54F3A9000DAF5B /* Debug */ = {
			isa = XCBuildConfiguration;
			buildSettings = {
				ALWAYS_SEARCH_USER_PATHS = NO;
				CLANG_ANALYZER_NONNULL = YES;
				CLANG_ANALYZER_NUMBER_OBJECT_CONVERSION = YES_AGGRESSIVE;
				CLANG_CXX_LANGUAGE_STANDARD = "gnu++20";
				CLANG_ENABLE_MODULES = YES;
				CLANG_ENABLE_OBJC_ARC = YES;
				CLANG_ENABLE_OBJC_WEAK = YES;
				CLANG_WARN_BLOCK_CAPTURE_AUTORELEASING = YES;
				CLANG_WARN_BOOL_CONVERSION = YES;
				CLANG_WARN_COMMA = YES;
				CLANG_WARN_CONSTANT_CONVERSION = YES;
				CLANG_WARN_DEPRECATED_OBJC_IMPLEMENTATIONS = YES;
				CLANG_WARN_DIRECT_OBJC_ISA_USAGE = YES_ERROR;
				CLANG_WARN_DOCUMENTATION_COMMENTS = YES;
				CLANG_WARN_EMPTY_BODY = YES;
				CLANG_WARN_ENUM_CONVERSION = YES;
				CLANG_WARN_INFINITE_RECURSION = YES;
				CLANG_WARN_INT_CONVERSION = YES;
				CLANG_WARN_NON_LITERAL_NULL_CONVERSION = YES;
				CLANG_WARN_OBJC_IMPLICIT_RETAIN_SELF = YES;
				CLANG_WARN_OBJC_LITERAL_CONVERSION = YES;
				CLANG_WARN_OBJC_ROOT_CLASS = YES_ERROR;
				CLANG_WARN_QUOTED_INCLUDE_IN_FRAMEWORK_HEADER = YES;
				CLANG_WARN_RANGE_LOOP_ANALYSIS = YES;
				CLANG_WARN_STRICT_PROTOTYPES = YES;
				CLANG_WARN_SUSPICIOUS_MOVE = YES;
				CLANG_WARN_UNGUARDED_AVAILABILITY = YES_AGGRESSIVE;
				CLANG_WARN_UNREACHABLE_CODE = YES;
				CLANG_WARN__DUPLICATE_METHOD_MATCH = YES;
				COPY_PHASE_STRIP = NO;
				DEBUG_INFORMATION_FORMAT = dwarf;
				ENABLE_STRICT_OBJC_MSGSEND = YES;
				ENABLE_TESTABILITY = YES;
				GCC_C_LANGUAGE_STANDARD = gnu11;
				GCC_DYNAMIC_NO_PIC = NO;
				GCC_NO_COMMON_BLOCKS = YES;
				GCC_OPTIMIZATION_LEVEL = 0;
				GCC_PREPROCESSOR_DEFINITIONS = (
					"DEBUG=1",
					"$(inherited)",
				);
				GCC_WARN_64_TO_32_BIT_CONVERSION = YES;
				GCC_WARN_ABOUT_RETURN_TYPE = YES_ERROR;
				GCC_WARN_UNDECLARED_SELECTOR = YES;
				GCC_WARN_UNINITIALIZED_AUTOS = YES_AGGRESSIVE;
				GCC_WARN_UNUSED_FUNCTION = YES;
				GCC_WARN_UNUSED_VARIABLE = YES;
				IPHONEOS_DEPLOYMENT_TARGET = 16.2;
				MTL_ENABLE_DEBUG_INFO = INCLUDE_SOURCE;
				MTL_FAST_MATH = YES;
				ONLY_ACTIVE_ARCH = YES;
				SDKROOT = iphoneos;
				SWIFT_ACTIVE_COMPILATION_CONDITIONS = DEBUG;
				SWIFT_OPTIMIZATION_LEVEL = "-Onone";
			};
			name = Debug;
		};
		40E6916A2A54F3A9000DAF5B /* Release */ = {
			isa = XCBuildConfiguration;
			buildSettings = {
				ALWAYS_SEARCH_USER_PATHS = NO;
				CLANG_ANALYZER_NONNULL = YES;
				CLANG_ANALYZER_NUMBER_OBJECT_CONVERSION = YES_AGGRESSIVE;
				CLANG_CXX_LANGUAGE_STANDARD = "gnu++20";
				CLANG_ENABLE_MODULES = YES;
				CLANG_ENABLE_OBJC_ARC = YES;
				CLANG_ENABLE_OBJC_WEAK = YES;
				CLANG_WARN_BLOCK_CAPTURE_AUTORELEASING = YES;
				CLANG_WARN_BOOL_CONVERSION = YES;
				CLANG_WARN_COMMA = YES;
				CLANG_WARN_CONSTANT_CONVERSION = YES;
				CLANG_WARN_DEPRECATED_OBJC_IMPLEMENTATIONS = YES;
				CLANG_WARN_DIRECT_OBJC_ISA_USAGE = YES_ERROR;
				CLANG_WARN_DOCUMENTATION_COMMENTS = YES;
				CLANG_WARN_EMPTY_BODY = YES;
				CLANG_WARN_ENUM_CONVERSION = YES;
				CLANG_WARN_INFINITE_RECURSION = YES;
				CLANG_WARN_INT_CONVERSION = YES;
				CLANG_WARN_NON_LITERAL_NULL_CONVERSION = YES;
				CLANG_WARN_OBJC_IMPLICIT_RETAIN_SELF = YES;
				CLANG_WARN_OBJC_LITERAL_CONVERSION = YES;
				CLANG_WARN_OBJC_ROOT_CLASS = YES_ERROR;
				CLANG_WARN_QUOTED_INCLUDE_IN_FRAMEWORK_HEADER = YES;
				CLANG_WARN_RANGE_LOOP_ANALYSIS = YES;
				CLANG_WARN_STRICT_PROTOTYPES = YES;
				CLANG_WARN_SUSPICIOUS_MOVE = YES;
				CLANG_WARN_UNGUARDED_AVAILABILITY = YES_AGGRESSIVE;
				CLANG_WARN_UNREACHABLE_CODE = YES;
				CLANG_WARN__DUPLICATE_METHOD_MATCH = YES;
				COPY_PHASE_STRIP = NO;
				DEBUG_INFORMATION_FORMAT = "dwarf-with-dsym";
				ENABLE_NS_ASSERTIONS = NO;
				ENABLE_STRICT_OBJC_MSGSEND = YES;
				GCC_C_LANGUAGE_STANDARD = gnu11;
				GCC_NO_COMMON_BLOCKS = YES;
				GCC_WARN_64_TO_32_BIT_CONVERSION = YES;
				GCC_WARN_ABOUT_RETURN_TYPE = YES_ERROR;
				GCC_WARN_UNDECLARED_SELECTOR = YES;
				GCC_WARN_UNINITIALIZED_AUTOS = YES_AGGRESSIVE;
				GCC_WARN_UNUSED_FUNCTION = YES;
				GCC_WARN_UNUSED_VARIABLE = YES;
				IPHONEOS_DEPLOYMENT_TARGET = 16.2;
				MTL_ENABLE_DEBUG_INFO = NO;
				MTL_FAST_MATH = YES;
				SDKROOT = iphoneos;
				SWIFT_COMPILATION_MODE = wholemodule;
				SWIFT_OPTIMIZATION_LEVEL = "-O";
				VALIDATE_PRODUCT = YES;
			};
			name = Release;
		};
		40E6916C2A54F3A9000DAF5B /* Debug */ = {
			isa = XCBuildConfiguration;
			buildSettings = {
				ASSETCATALOG_COMPILER_APPICON_NAME = AppIcon;
				ASSETCATALOG_COMPILER_GLOBAL_ACCENT_COLOR_NAME = AccentColor;
				CODE_SIGN_STYLE = Automatic;
				CURRENT_PROJECT_VERSION = 1;
				DEVELOPMENT_ASSET_PATHS = "\"AmbushExperiment/Preview Content\"";
				DEVELOPMENT_TEAM = JW8NFQASSJ;
				ENABLE_PREVIEWS = YES;
				GENERATE_INFOPLIST_FILE = YES;
				INFOPLIST_KEY_UIApplicationSceneManifest_Generation = YES;
				INFOPLIST_KEY_UIApplicationSupportsIndirectInputEvents = YES;
				INFOPLIST_KEY_UILaunchScreen_Generation = YES;
				INFOPLIST_KEY_UISupportedInterfaceOrientations_iPad = "UIInterfaceOrientationPortrait UIInterfaceOrientationPortraitUpsideDown UIInterfaceOrientationLandscapeLeft UIInterfaceOrientationLandscapeRight";
				INFOPLIST_KEY_UISupportedInterfaceOrientations_iPhone = "UIInterfaceOrientationPortrait UIInterfaceOrientationLandscapeLeft UIInterfaceOrientationLandscapeRight";
				LD_RUNPATH_SEARCH_PATHS = (
					"$(inherited)",
					"@executable_path/Frameworks",
				);
				MARKETING_VERSION = 1.0;
				PRODUCT_BUNDLE_IDENTIFIER = com.ocupatech.tingarupa.AmbushExperiment;
				PRODUCT_NAME = "$(TARGET_NAME)";
				SWIFT_EMIT_LOC_STRINGS = YES;
				SWIFT_VERSION = 5.0;
				TARGETED_DEVICE_FAMILY = "1,2";
			};
			name = Debug;
		};
		40E6916D2A54F3A9000DAF5B /* Release */ = {
			isa = XCBuildConfiguration;
			buildSettings = {
				ASSETCATALOG_COMPILER_APPICON_NAME = AppIcon;
				ASSETCATALOG_COMPILER_GLOBAL_ACCENT_COLOR_NAME = AccentColor;
				CODE_SIGN_STYLE = Automatic;
				CURRENT_PROJECT_VERSION = 1;
				DEVELOPMENT_ASSET_PATHS = "\"AmbushExperiment/Preview Content\"";
				DEVELOPMENT_TEAM = JW8NFQASSJ;
				ENABLE_PREVIEWS = YES;
				GENERATE_INFOPLIST_FILE = YES;
				INFOPLIST_KEY_UIApplicationSceneManifest_Generation = YES;
				INFOPLIST_KEY_UIApplicationSupportsIndirectInputEvents = YES;
				INFOPLIST_KEY_UILaunchScreen_Generation = YES;
				INFOPLIST_KEY_UISupportedInterfaceOrientations_iPad = "UIInterfaceOrientationPortrait UIInterfaceOrientationPortraitUpsideDown UIInterfaceOrientationLandscapeLeft UIInterfaceOrientationLandscapeRight";
				INFOPLIST_KEY_UISupportedInterfaceOrientations_iPhone = "UIInterfaceOrientationPortrait UIInterfaceOrientationLandscapeLeft UIInterfaceOrientationLandscapeRight";
				LD_RUNPATH_SEARCH_PATHS = (
					"$(inherited)",
					"@executable_path/Frameworks",
				);
				MARKETING_VERSION = 1.0;
				PRODUCT_BUNDLE_IDENTIFIER = com.ocupatech.tingarupa.AmbushExperiment;
				PRODUCT_NAME = "$(TARGET_NAME)";
				SWIFT_EMIT_LOC_STRINGS = YES;
				SWIFT_VERSION = 5.0;
				TARGETED_DEVICE_FAMILY = "1,2";
			};
			name = Release;
		};
		40E6916F2A54F3A9000DAF5B /* Debug */ = {
			isa = XCBuildConfiguration;
			buildSettings = {
				ALWAYS_EMBED_SWIFT_STANDARD_LIBRARIES = YES;
				BUNDLE_LOADER = "$(TEST_HOST)";
				CODE_SIGN_STYLE = Automatic;
				CURRENT_PROJECT_VERSION = 1;
				DEVELOPMENT_TEAM = JW8NFQASSJ;
				GENERATE_INFOPLIST_FILE = YES;
				IPHONEOS_DEPLOYMENT_TARGET = 16.2;
				MARKETING_VERSION = 1.0;
				PRODUCT_BUNDLE_IDENTIFIER = com.ocupatech.tingarupa.AmbushExperimentTests;
				PRODUCT_NAME = "$(TARGET_NAME)";
				SWIFT_EMIT_LOC_STRINGS = NO;
				SWIFT_VERSION = 5.0;
				TARGETED_DEVICE_FAMILY = "1,2";
				TEST_HOST = "$(BUILT_PRODUCTS_DIR)/AmbushExperiment.app/$(BUNDLE_EXECUTABLE_FOLDER_PATH)/AmbushExperiment";
			};
			name = Debug;
		};
		40E691702A54F3A9000DAF5B /* Release */ = {
			isa = XCBuildConfiguration;
			buildSettings = {
				ALWAYS_EMBED_SWIFT_STANDARD_LIBRARIES = YES;
				BUNDLE_LOADER = "$(TEST_HOST)";
				CODE_SIGN_STYLE = Automatic;
				CURRENT_PROJECT_VERSION = 1;
				DEVELOPMENT_TEAM = JW8NFQASSJ;
				GENERATE_INFOPLIST_FILE = YES;
				IPHONEOS_DEPLOYMENT_TARGET = 16.2;
				MARKETING_VERSION = 1.0;
				PRODUCT_BUNDLE_IDENTIFIER = com.ocupatech.tingarupa.AmbushExperimentTests;
				PRODUCT_NAME = "$(TARGET_NAME)";
				SWIFT_EMIT_LOC_STRINGS = NO;
				SWIFT_VERSION = 5.0;
				TARGETED_DEVICE_FAMILY = "1,2";
				TEST_HOST = "$(BUILT_PRODUCTS_DIR)/AmbushExperiment.app/$(BUNDLE_EXECUTABLE_FOLDER_PATH)/AmbushExperiment";
			};
			name = Release;
		};
		40E691722A54F3A9000DAF5B /* Debug */ = {
			isa = XCBuildConfiguration;
			buildSettings = {
				ALWAYS_EMBED_SWIFT_STANDARD_LIBRARIES = YES;
				CODE_SIGN_STYLE = Automatic;
				CURRENT_PROJECT_VERSION = 1;
				DEVELOPMENT_TEAM = JW8NFQASSJ;
				GENERATE_INFOPLIST_FILE = YES;
				MARKETING_VERSION = 1.0;
				PRODUCT_BUNDLE_IDENTIFIER = com.ocupatech.tingarupa.AmbushExperimentUITests;
				PRODUCT_NAME = "$(TARGET_NAME)";
				SWIFT_EMIT_LOC_STRINGS = NO;
				SWIFT_VERSION = 5.0;
				TARGETED_DEVICE_FAMILY = "1,2";
				TEST_TARGET_NAME = AmbushExperiment;
			};
			name = Debug;
		};
		40E691732A54F3A9000DAF5B /* Release */ = {
			isa = XCBuildConfiguration;
			buildSettings = {
				ALWAYS_EMBED_SWIFT_STANDARD_LIBRARIES = YES;
				CODE_SIGN_STYLE = Automatic;
				CURRENT_PROJECT_VERSION = 1;
				DEVELOPMENT_TEAM = JW8NFQASSJ;
				GENERATE_INFOPLIST_FILE = YES;
				MARKETING_VERSION = 1.0;
				PRODUCT_BUNDLE_IDENTIFIER = com.ocupatech.tingarupa.AmbushExperimentUITests;
				PRODUCT_NAME = "$(TARGET_NAME)";
				SWIFT_EMIT_LOC_STRINGS = NO;
				SWIFT_VERSION = 5.0;
				TARGETED_DEVICE_FAMILY = "1,2";
				TEST_TARGET_NAME = AmbushExperiment;
			};
			name = Release;
		};
/* End XCBuildConfiguration section */

/* Begin XCConfigurationList section */
		40E691422A54F3A7000DAF5B /* Build configuration list for PBXProject "AmbushExperiment" */ = {
			isa = XCConfigurationList;
			buildConfigurations = (
				40E691692A54F3A9000DAF5B /* Debug */,
				40E6916A2A54F3A9000DAF5B /* Release */,
			);
			defaultConfigurationIsVisible = 0;
			defaultConfigurationName = Release;
		};
		40E6916B2A54F3A9000DAF5B /* Build configuration list for PBXNativeTarget "AmbushExperiment" */ = {
			isa = XCConfigurationList;
			buildConfigurations = (
				40E6916C2A54F3A9000DAF5B /* Debug */,
				40E6916D2A54F3A9000DAF5B /* Release */,
			);
			defaultConfigurationIsVisible = 0;
			defaultConfigurationName = Release;
		};
		40E6916E2A54F3A9000DAF5B /* Build configuration list for PBXNativeTarget "AmbushExperimentTests" */ = {
			isa = XCConfigurationList;
			buildConfigurations = (
				40E6916F2A54F3A9000DAF5B /* Debug */,
				40E691702A54F3A9000DAF5B /* Release */,
			);
			defaultConfigurationIsVisible = 0;
			defaultConfigurationName = Release;
		};
		40E691712A54F3A9000DAF5B /* Build configuration list for PBXNativeTarget "AmbushExperimentUITests" */ = {
			isa = XCConfigurationList;
			buildConfigurations = (
				40E691722A54F3A9000DAF5B /* Debug */,
				40E691732A54F3A9000DAF5B /* Release */,
			);
			defaultConfigurationIsVisible = 0;
			defaultConfigurationName = Release;
		};
/* End XCConfigurationList section */
	};
	rootObject = 40E6913F2A54F3A7000DAF5B /* Project object */;
}
